// !$*UTF8*$!
{
	archiveVersion = 1;
	classes = {
	};
	objectVersion = 46;
	objects = {

/* Begin PBXBuildFile section */
		64BF2F2B1F32B60A00282718 /* AppDelegate.swift in Sources */ = {isa = PBXBuildFile; fileRef = 64BF2F2A1F32B60A00282718 /* AppDelegate.swift */; };
		64BF2F2D1F32B60A00282718 /* ViewController.swift in Sources */ = {isa = PBXBuildFile; fileRef = 64BF2F2C1F32B60A00282718 /* ViewController.swift */; };
		64BF2F331F32B60A00282718 /* SearchPractice.xcdatamodeld in Sources */ = {isa = PBXBuildFile; fileRef = 64BF2F311F32B60A00282718 /* SearchPractice.xcdatamodeld */; };
		64BF2F351F32B60A00282718 /* Assets.xcassets in Resources */ = {isa = PBXBuildFile; fileRef = 64BF2F341F32B60A00282718 /* Assets.xcassets */; };
		64BF2F381F32B60A00282718 /* LaunchScreen.storyboard in Resources */ = {isa = PBXBuildFile; fileRef = 64BF2F361F32B60A00282718 /* LaunchScreen.storyboard */; };
		64BF2F431F32B60A00282718 /* SearchPracticeTests.swift in Sources */ = {isa = PBXBuildFile; fileRef = 64BF2F421F32B60A00282718 /* SearchPracticeTests.swift */; };
		64BF2F4E1F32B60A00282718 /* SearchPracticeUITests.swift in Sources */ = {isa = PBXBuildFile; fileRef = 64BF2F4D1F32B60A00282718 /* SearchPracticeUITests.swift */; };
		64BF2F5C1F32BAEA00282718 /* ViewControllerExtensions.swift in Sources */ = {isa = PBXBuildFile; fileRef = 64BF2F5B1F32BAEA00282718 /* ViewControllerExtensions.swift */; };
		64BF2F5E1F32BEB800282718 /* WebViewController.swift in Sources */ = {isa = PBXBuildFile; fileRef = 64BF2F5D1F32BEB800282718 /* WebViewController.swift */; };
		64BF2F601F32CDD300282718 /* WKWebViewController.swift in Sources */ = {isa = PBXBuildFile; fileRef = 64BF2F5F1F32CDD300282718 /* WKWebViewController.swift */; };
		70D386F054D4C9D32FF60407 /* Pods_SearchPractice.framework in Frameworks */ = {isa = PBXBuildFile; fileRef = 6DA6F9AFB8BCCDEA60FEC6ED /* Pods_SearchPractice.framework */; };
		9A910E0CAEF8081DB5234368 /* Pods_SearchPracticeTests.framework in Frameworks */ = {isa = PBXBuildFile; fileRef = 41CBA7E05CB83B22C25ED665 /* Pods_SearchPracticeTests.framework */; };
		E82D226CCB97DA6339E710B5 /* Pods_SearchPracticeUITests.framework in Frameworks */ = {isa = PBXBuildFile; fileRef = 316EF59AF760C9C08F865FB7 /* Pods_SearchPracticeUITests.framework */; };
/* End PBXBuildFile section */

/* Begin PBXContainerItemProxy section */
		64BF2F3F1F32B60A00282718 /* PBXContainerItemProxy */ = {
			isa = PBXContainerItemProxy;
			containerPortal = 64BF2F1F1F32B60A00282718 /* Project object */;
			proxyType = 1;
			remoteGlobalIDString = 64BF2F261F32B60A00282718;
			remoteInfo = SearchPractice;
		};
		64BF2F4A1F32B60A00282718 /* PBXContainerItemProxy */ = {
			isa = PBXContainerItemProxy;
			containerPortal = 64BF2F1F1F32B60A00282718 /* Project object */;
			proxyType = 1;
			remoteGlobalIDString = 64BF2F261F32B60A00282718;
			remoteInfo = SearchPractice;
		};
/* End PBXContainerItemProxy section */

/* Begin PBXFileReference section */
		09920E15CE6FB176977BE715 /* Pods-SearchPractice.debug.xcconfig */ = {isa = PBXFileReference; includeInIndex = 1; lastKnownFileType = text.xcconfig; name = "Pods-SearchPractice.debug.xcconfig"; path = "Pods/Target Support Files/Pods-SearchPractice/Pods-SearchPractice.debug.xcconfig"; sourceTree = "<group>"; };
		316EF59AF760C9C08F865FB7 /* Pods_SearchPracticeUITests.framework */ = {isa = PBXFileReference; explicitFileType = wrapper.framework; includeInIndex = 0; path = Pods_SearchPracticeUITests.framework; sourceTree = BUILT_PRODUCTS_DIR; };
		41CBA7E05CB83B22C25ED665 /* Pods_SearchPracticeTests.framework */ = {isa = PBXFileReference; explicitFileType = wrapper.framework; includeInIndex = 0; path = Pods_SearchPracticeTests.framework; sourceTree = BUILT_PRODUCTS_DIR; };
		5A159AC6B4BD14BE617C2C46 /* Pods-SearchPracticeUITests.debug.xcconfig */ = {isa = PBXFileReference; includeInIndex = 1; lastKnownFileType = text.xcconfig; name = "Pods-SearchPracticeUITests.debug.xcconfig"; path = "Pods/Target Support Files/Pods-SearchPracticeUITests/Pods-SearchPracticeUITests.debug.xcconfig"; sourceTree = "<group>"; };
		64BF2F271F32B60A00282718 /* SearchPractice.app */ = {isa = PBXFileReference; explicitFileType = wrapper.application; includeInIndex = 0; path = SearchPractice.app; sourceTree = BUILT_PRODUCTS_DIR; };
		64BF2F2A1F32B60A00282718 /* AppDelegate.swift */ = {isa = PBXFileReference; lastKnownFileType = sourcecode.swift; path = AppDelegate.swift; sourceTree = "<group>"; };
		64BF2F2C1F32B60A00282718 /* ViewController.swift */ = {isa = PBXFileReference; lastKnownFileType = sourcecode.swift; path = ViewController.swift; sourceTree = "<group>"; };
		64BF2F321F32B60A00282718 /* SearchPractice.xcdatamodel */ = {isa = PBXFileReference; lastKnownFileType = wrapper.xcdatamodel; path = SearchPractice.xcdatamodel; sourceTree = "<group>"; };
		64BF2F341F32B60A00282718 /* Assets.xcassets */ = {isa = PBXFileReference; lastKnownFileType = folder.assetcatalog; path = Assets.xcassets; sourceTree = "<group>"; };
		64BF2F371F32B60A00282718 /* Base */ = {isa = PBXFileReference; lastKnownFileType = file.storyboard; name = Base; path = Base.lproj/LaunchScreen.storyboard; sourceTree = "<group>"; };
		64BF2F391F32B60A00282718 /* Info.plist */ = {isa = PBXFileReference; lastKnownFileType = text.plist.xml; path = Info.plist; sourceTree = "<group>"; };
		64BF2F3E1F32B60A00282718 /* SearchPracticeTests.xctest */ = {isa = PBXFileReference; explicitFileType = wrapper.cfbundle; includeInIndex = 0; path = SearchPracticeTests.xctest; sourceTree = BUILT_PRODUCTS_DIR; };
		64BF2F421F32B60A00282718 /* SearchPracticeTests.swift */ = {isa = PBXFileReference; lastKnownFileType = sourcecode.swift; path = SearchPracticeTests.swift; sourceTree = "<group>"; };
		64BF2F441F32B60A00282718 /* Info.plist */ = {isa = PBXFileReference; lastKnownFileType = text.plist.xml; path = Info.plist; sourceTree = "<group>"; };
		64BF2F491F32B60A00282718 /* SearchPracticeUITests.xctest */ = {isa = PBXFileReference; explicitFileType = wrapper.cfbundle; includeInIndex = 0; path = SearchPracticeUITests.xctest; sourceTree = BUILT_PRODUCTS_DIR; };
		64BF2F4D1F32B60A00282718 /* SearchPracticeUITests.swift */ = {isa = PBXFileReference; lastKnownFileType = sourcecode.swift; path = SearchPracticeUITests.swift; sourceTree = "<group>"; };
		64BF2F4F1F32B60A00282718 /* Info.plist */ = {isa = PBXFileReference; lastKnownFileType = text.plist.xml; path = Info.plist; sourceTree = "<group>"; };
		64BF2F5B1F32BAEA00282718 /* ViewControllerExtensions.swift */ = {isa = PBXFileReference; fileEncoding = 4; lastKnownFileType = sourcecode.swift; path = ViewControllerExtensions.swift; sourceTree = "<group>"; };
		64BF2F5D1F32BEB800282718 /* WebViewController.swift */ = {isa = PBXFileReference; fileEncoding = 4; lastKnownFileType = sourcecode.swift; path = WebViewController.swift; sourceTree = "<group>"; };
		64BF2F5F1F32CDD300282718 /* WKWebViewController.swift */ = {isa = PBXFileReference; fileEncoding = 4; lastKnownFileType = sourcecode.swift; path = WKWebViewController.swift; sourceTree = "<group>"; };
		6DA6F9AFB8BCCDEA60FEC6ED /* Pods_SearchPractice.framework */ = {isa = PBXFileReference; explicitFileType = wrapper.framework; includeInIndex = 0; path = Pods_SearchPractice.framework; sourceTree = BUILT_PRODUCTS_DIR; };
		90A24362F1A8B2597E9CEAC8 /* Pods-SearchPracticeTests.release.xcconfig */ = {isa = PBXFileReference; includeInIndex = 1; lastKnownFileType = text.xcconfig; name = "Pods-SearchPracticeTests.release.xcconfig"; path = "Pods/Target Support Files/Pods-SearchPracticeTests/Pods-SearchPracticeTests.release.xcconfig"; sourceTree = "<group>"; };
		A3F5EEBC9BC149A3A49CE258 /* Pods-SearchPracticeTests.debug.xcconfig */ = {isa = PBXFileReference; includeInIndex = 1; lastKnownFileType = text.xcconfig; name = "Pods-SearchPracticeTests.debug.xcconfig"; path = "Pods/Target Support Files/Pods-SearchPracticeTests/Pods-SearchPracticeTests.debug.xcconfig"; sourceTree = "<group>"; };
		B4F6348E314F435CE886E471 /* Pods-SearchPractice.release.xcconfig */ = {isa = PBXFileReference; includeInIndex = 1; lastKnownFileType = text.xcconfig; name = "Pods-SearchPractice.release.xcconfig"; path = "Pods/Target Support Files/Pods-SearchPractice/Pods-SearchPractice.release.xcconfig"; sourceTree = "<group>"; };
		D65676E44975A5A8E3001094 /* Pods-SearchPracticeUITests.release.xcconfig */ = {isa = PBXFileReference; includeInIndex = 1; lastKnownFileType = text.xcconfig; name = "Pods-SearchPracticeUITests.release.xcconfig"; path = "Pods/Target Support Files/Pods-SearchPracticeUITests/Pods-SearchPracticeUITests.release.xcconfig"; sourceTree = "<group>"; };
/* End PBXFileReference section */

/* Begin PBXFrameworksBuildPhase section */
		64BF2F241F32B60A00282718 /* Frameworks */ = {
			isa = PBXFrameworksBuildPhase;
			buildActionMask = 2147483647;
			files = (
				70D386F054D4C9D32FF60407 /* Pods_SearchPractice.framework in Frameworks */,
			);
			runOnlyForDeploymentPostprocessing = 0;
		};
		64BF2F3B1F32B60A00282718 /* Frameworks */ = {
			isa = PBXFrameworksBuildPhase;
			buildActionMask = 2147483647;
			files = (
				9A910E0CAEF8081DB5234368 /* Pods_SearchPracticeTests.framework in Frameworks */,
			);
			runOnlyForDeploymentPostprocessing = 0;
		};
		64BF2F461F32B60A00282718 /* Frameworks */ = {
			isa = PBXFrameworksBuildPhase;
			buildActionMask = 2147483647;
			files = (
				E82D226CCB97DA6339E710B5 /* Pods_SearchPracticeUITests.framework in Frameworks */,
			);
			runOnlyForDeploymentPostprocessing = 0;
		};
/* End PBXFrameworksBuildPhase section */

/* Begin PBXGroup section */
		11D00B6DC40B11DBEC36909D /* Pods */ = {
			isa = PBXGroup;
			children = (
				09920E15CE6FB176977BE715 /* Pods-SearchPractice.debug.xcconfig */,
				B4F6348E314F435CE886E471 /* Pods-SearchPractice.release.xcconfig */,
				A3F5EEBC9BC149A3A49CE258 /* Pods-SearchPracticeTests.debug.xcconfig */,
				90A24362F1A8B2597E9CEAC8 /* Pods-SearchPracticeTests.release.xcconfig */,
				5A159AC6B4BD14BE617C2C46 /* Pods-SearchPracticeUITests.debug.xcconfig */,
				D65676E44975A5A8E3001094 /* Pods-SearchPracticeUITests.release.xcconfig */,
			);
			name = Pods;
			sourceTree = "<group>";
		};
		64BF2F1E1F32B60A00282718 = {
			isa = PBXGroup;
			children = (
				64BF2F291F32B60A00282718 /* SearchPractice */,
				64BF2F411F32B60A00282718 /* SearchPracticeTests */,
				64BF2F4C1F32B60A00282718 /* SearchPracticeUITests */,
				64BF2F281F32B60A00282718 /* Products */,
				11D00B6DC40B11DBEC36909D /* Pods */,
				CC78D368C6523DC2C4E7311D /* Frameworks */,
			);
			sourceTree = "<group>";
		};
		64BF2F281F32B60A00282718 /* Products */ = {
			isa = PBXGroup;
			children = (
				64BF2F271F32B60A00282718 /* SearchPractice.app */,
				64BF2F3E1F32B60A00282718 /* SearchPracticeTests.xctest */,
				64BF2F491F32B60A00282718 /* SearchPracticeUITests.xctest */,
			);
			name = Products;
			sourceTree = "<group>";
		};
		64BF2F291F32B60A00282718 /* SearchPractice */ = {
			isa = PBXGroup;
			children = (
				64BF2F2A1F32B60A00282718 /* AppDelegate.swift */,
				64BF2F2C1F32B60A00282718 /* ViewController.swift */,
				64BF2F5B1F32BAEA00282718 /* ViewControllerExtensions.swift */,
				64BF2F341F32B60A00282718 /* Assets.xcassets */,
				64BF2F361F32B60A00282718 /* LaunchScreen.storyboard */,
				64BF2F391F32B60A00282718 /* Info.plist */,
				64BF2F311F32B60A00282718 /* SearchPractice.xcdatamodeld */,
				64BF2F5D1F32BEB800282718 /* WebViewController.swift */,
				64BF2F5F1F32CDD300282718 /* WKWebViewController.swift */,
			);
			path = SearchPractice;
			sourceTree = "<group>";
		};
		64BF2F411F32B60A00282718 /* SearchPracticeTests */ = {
			isa = PBXGroup;
			children = (
				64BF2F421F32B60A00282718 /* SearchPracticeTests.swift */,
				64BF2F441F32B60A00282718 /* Info.plist */,
			);
			path = SearchPracticeTests;
			sourceTree = "<group>";
		};
		64BF2F4C1F32B60A00282718 /* SearchPracticeUITests */ = {
			isa = PBXGroup;
			children = (
				64BF2F4D1F32B60A00282718 /* SearchPracticeUITests.swift */,
				64BF2F4F1F32B60A00282718 /* Info.plist */,
			);
			path = SearchPracticeUITests;
			sourceTree = "<group>";
		};
		CC78D368C6523DC2C4E7311D /* Frameworks */ = {
			isa = PBXGroup;
			children = (
				6DA6F9AFB8BCCDEA60FEC6ED /* Pods_SearchPractice.framework */,
				41CBA7E05CB83B22C25ED665 /* Pods_SearchPracticeTests.framework */,
				316EF59AF760C9C08F865FB7 /* Pods_SearchPracticeUITests.framework */,
			);
			name = Frameworks;
			sourceTree = "<group>";
		};
/* End PBXGroup section */

/* Begin PBXNativeTarget section */
		64BF2F261F32B60A00282718 /* SearchPractice */ = {
			isa = PBXNativeTarget;
			buildConfigurationList = 64BF2F521F32B60A00282718 /* Build configuration list for PBXNativeTarget "SearchPractice" */;
			buildPhases = (
				A32C8ACB0756FFE124F130B9 /* [CP] Check Pods Manifest.lock */,
				64BF2F231F32B60A00282718 /* Sources */,
				64BF2F241F32B60A00282718 /* Frameworks */,
				64BF2F251F32B60A00282718 /* Resources */,
				C25BF5247D7F3DDE739456D6 /* [CP] Embed Pods Frameworks */,
				3FE74AD4D51AF76B40B177C6 /* [CP] Copy Pods Resources */,
			);
			buildRules = (
			);
			dependencies = (
			);
			name = SearchPractice;
			productName = SearchPractice;
			productReference = 64BF2F271F32B60A00282718 /* SearchPractice.app */;
			productType = "com.apple.product-type.application";
		};
		64BF2F3D1F32B60A00282718 /* SearchPracticeTests */ = {
			isa = PBXNativeTarget;
			buildConfigurationList = 64BF2F551F32B60A00282718 /* Build configuration list for PBXNativeTarget "SearchPracticeTests" */;
			buildPhases = (
				F3B53059AEBBBDCE1C5B6226 /* [CP] Check Pods Manifest.lock */,
				64BF2F3A1F32B60A00282718 /* Sources */,
				64BF2F3B1F32B60A00282718 /* Frameworks */,
				64BF2F3C1F32B60A00282718 /* Resources */,
				66B115206C6111443E52C623 /* [CP] Embed Pods Frameworks */,
				A03F3494CBB0A1FBFC527ACC /* [CP] Copy Pods Resources */,
			);
			buildRules = (
			);
			dependencies = (
				64BF2F401F32B60A00282718 /* PBXTargetDependency */,
			);
			name = SearchPracticeTests;
			productName = SearchPracticeTests;
			productReference = 64BF2F3E1F32B60A00282718 /* SearchPracticeTests.xctest */;
			productType = "com.apple.product-type.bundle.unit-test";
		};
		64BF2F481F32B60A00282718 /* SearchPracticeUITests */ = {
			isa = PBXNativeTarget;
			buildConfigurationList = 64BF2F581F32B60A00282718 /* Build configuration list for PBXNativeTarget "SearchPracticeUITests" */;
			buildPhases = (
				B8F51694C5F6E324E25CCE4C /* [CP] Check Pods Manifest.lock */,
				64BF2F451F32B60A00282718 /* Sources */,
				64BF2F461F32B60A00282718 /* Frameworks */,
				64BF2F471F32B60A00282718 /* Resources */,
				6F2DB1655C00C648995A8C6D /* [CP] Embed Pods Frameworks */,
				A41E96A1ABAB6DAD158DC7EB /* [CP] Copy Pods Resources */,
			);
			buildRules = (
			);
			dependencies = (
				64BF2F4B1F32B60A00282718 /* PBXTargetDependency */,
			);
			name = SearchPracticeUITests;
			productName = SearchPracticeUITests;
			productReference = 64BF2F491F32B60A00282718 /* SearchPracticeUITests.xctest */;
			productType = "com.apple.product-type.bundle.ui-testing";
		};
/* End PBXNativeTarget section */

/* Begin PBXProject section */
		64BF2F1F1F32B60A00282718 /* Project object */ = {
			isa = PBXProject;
			attributes = {
				LastSwiftUpdateCheck = 0830;
				LastUpgradeCheck = 0830;
				ORGANIZATIONNAME = CdxN;
				TargetAttributes = {
					64BF2F261F32B60A00282718 = {
						CreatedOnToolsVersion = 8.3.3;
						ProvisioningStyle = Automatic;
					};
					64BF2F3D1F32B60A00282718 = {
						CreatedOnToolsVersion = 8.3.3;
						ProvisioningStyle = Automatic;
						TestTargetID = 64BF2F261F32B60A00282718;
					};
					64BF2F481F32B60A00282718 = {
						CreatedOnToolsVersion = 8.3.3;
						ProvisioningStyle = Automatic;
						TestTargetID = 64BF2F261F32B60A00282718;
					};
				};
			};
			buildConfigurationList = 64BF2F221F32B60A00282718 /* Build configuration list for PBXProject "SearchPractice" */;
			compatibilityVersion = "Xcode 3.2";
			developmentRegion = English;
			hasScannedForEncodings = 0;
			knownRegions = (
				en,
				Base,
			);
			mainGroup = 64BF2F1E1F32B60A00282718;
			productRefGroup = 64BF2F281F32B60A00282718 /* Products */;
			projectDirPath = "";
			projectRoot = "";
			targets = (
				64BF2F261F32B60A00282718 /* SearchPractice */,
				64BF2F3D1F32B60A00282718 /* SearchPracticeTests */,
				64BF2F481F32B60A00282718 /* SearchPracticeUITests */,
			);
		};
/* End PBXProject section */

/* Begin PBXResourcesBuildPhase section */
		64BF2F251F32B60A00282718 /* Resources */ = {
			isa = PBXResourcesBuildPhase;
			buildActionMask = 2147483647;
			files = (
				64BF2F381F32B60A00282718 /* LaunchScreen.storyboard in Resources */,
				64BF2F351F32B60A00282718 /* Assets.xcassets in Resources */,
			);
			runOnlyForDeploymentPostprocessing = 0;
		};
		64BF2F3C1F32B60A00282718 /* Resources */ = {
			isa = PBXResourcesBuildPhase;
			buildActionMask = 2147483647;
			files = (
			);
			runOnlyForDeploymentPostprocessing = 0;
		};
		64BF2F471F32B60A00282718 /* Resources */ = {
			isa = PBXResourcesBuildPhase;
			buildActionMask = 2147483647;
			files = (
			);
			runOnlyForDeploymentPostprocessing = 0;
		};
/* End PBXResourcesBuildPhase section */

/* Begin PBXShellScriptBuildPhase section */
		3FE74AD4D51AF76B40B177C6 /* [CP] Copy Pods Resources */ = {
			isa = PBXShellScriptBuildPhase;
			buildActionMask = 2147483647;
			files = (
			);
			inputPaths = (
			);
			name = "[CP] Copy Pods Resources";
			outputPaths = (
			);
			runOnlyForDeploymentPostprocessing = 0;
			shellPath = /bin/sh;
			shellScript = "\"${SRCROOT}/Pods/Target Support Files/Pods-SearchPractice/Pods-SearchPractice-resources.sh\"\n\nif which swiftlint >/dev/null; then\nswiftlint\nelse\necho \"warning: SwiftLint not installed, download from https://github.com/realm/SwiftLint\"\nfi";
			showEnvVarsInLog = 0;
		};
		66B115206C6111443E52C623 /* [CP] Embed Pods Frameworks */ = {
			isa = PBXShellScriptBuildPhase;
			buildActionMask = 2147483647;
			files = (
			);
			inputPaths = (
			);
			name = "[CP] Embed Pods Frameworks";
			outputPaths = (
			);
			runOnlyForDeploymentPostprocessing = 0;
			shellPath = /bin/sh;
			shellScript = "\"${SRCROOT}/Pods/Target Support Files/Pods-SearchPracticeTests/Pods-SearchPracticeTests-frameworks.sh\"\n";
			showEnvVarsInLog = 0;
		};
		6F2DB1655C00C648995A8C6D /* [CP] Embed Pods Frameworks */ = {
			isa = PBXShellScriptBuildPhase;
			buildActionMask = 2147483647;
			files = (
			);
			inputPaths = (
			);
			name = "[CP] Embed Pods Frameworks";
			outputPaths = (
			);
			runOnlyForDeploymentPostprocessing = 0;
			shellPath = /bin/sh;
			shellScript = "\"${SRCROOT}/Pods/Target Support Files/Pods-SearchPracticeUITests/Pods-SearchPracticeUITests-frameworks.sh\"\n";
			showEnvVarsInLog = 0;
		};
		A03F3494CBB0A1FBFC527ACC /* [CP] Copy Pods Resources */ = {
			isa = PBXShellScriptBuildPhase;
			buildActionMask = 2147483647;
			files = (
			);
			inputPaths = (
			);
			name = "[CP] Copy Pods Resources";
			outputPaths = (
			);
			runOnlyForDeploymentPostprocessing = 0;
			shellPath = /bin/sh;
			shellScript = "\"${SRCROOT}/Pods/Target Support Files/Pods-SearchPracticeTests/Pods-SearchPracticeTests-resources.sh\"\n";
			showEnvVarsInLog = 0;
		};
		A32C8ACB0756FFE124F130B9 /* [CP] Check Pods Manifest.lock */ = {
			isa = PBXShellScriptBuildPhase;
			buildActionMask = 2147483647;
			files = (
			);
			inputPaths = (
			);
			name = "[CP] Check Pods Manifest.lock";
			outputPaths = (
			);
			runOnlyForDeploymentPostprocessing = 0;
			shellPath = /bin/sh;
			shellScript = "diff \"${PODS_PODFILE_DIR_PATH}/Podfile.lock\" \"${PODS_ROOT}/Manifest.lock\" > /dev/null\nif [ $? != 0 ] ; then\n    # print error to STDERR\n    echo \"error: The sandbox is not in sync with the Podfile.lock. Run 'pod install' or update your CocoaPods installation.\" >&2\n    exit 1\nfi\n";
			showEnvVarsInLog = 0;
		};
		A41E96A1ABAB6DAD158DC7EB /* [CP] Copy Pods Resources */ = {
			isa = PBXShellScriptBuildPhase;
			buildActionMask = 2147483647;
			files = (
			);
			inputPaths = (
			);
			name = "[CP] Copy Pods Resources";
			outputPaths = (
			);
			runOnlyForDeploymentPostprocessing = 0;
			shellPath = /bin/sh;
			shellScript = "\"${SRCROOT}/Pods/Target Support Files/Pods-SearchPracticeUITests/Pods-SearchPracticeUITests-resources.sh\"\n";
			showEnvVarsInLog = 0;
		};
		B8F51694C5F6E324E25CCE4C /* [CP] Check Pods Manifest.lock */ = {
			isa = PBXShellScriptBuildPhase;
			buildActionMask = 2147483647;
			files = (
			);
			inputPaths = (
			);
			name = "[CP] Check Pods Manifest.lock";
			outputPaths = (
			);
			runOnlyForDeploymentPostprocessing = 0;
			shellPath = /bin/sh;
			shellScript = "diff \"${PODS_PODFILE_DIR_PATH}/Podfile.lock\" \"${PODS_ROOT}/Manifest.lock\" > /dev/null\nif [ $? != 0 ] ; then\n    # print error to STDERR\n    echo \"error: The sandbox is not in sync with the Podfile.lock. Run 'pod install' or update your CocoaPods installation.\" >&2\n    exit 1\nfi\n";
			showEnvVarsInLog = 0;
		};
		C25BF5247D7F3DDE739456D6 /* [CP] Embed Pods Frameworks */ = {
			isa = PBXShellScriptBuildPhase;
			buildActionMask = 2147483647;
			files = (
			);
			inputPaths = (
			);
			name = "[CP] Embed Pods Frameworks";
			outputPaths = (
			);
			runOnlyForDeploymentPostprocessing = 0;
			shellPath = /bin/sh;
			shellScript = "\"${SRCROOT}/Pods/Target Support Files/Pods-SearchPractice/Pods-SearchPractice-frameworks.sh\"\n";
			showEnvVarsInLog = 0;
		};
		F3B53059AEBBBDCE1C5B6226 /* [CP] Check Pods Manifest.lock */ = {
			isa = PBXShellScriptBuildPhase;
			buildActionMask = 2147483647;
			files = (
			);
			inputPaths = (
			);
			name = "[CP] Check Pods Manifest.lock";
			outputPaths = (
			);
			runOnlyForDeploymentPostprocessing = 0;
			shellPath = /bin/sh;
			shellScript = "diff \"${PODS_PODFILE_DIR_PATH}/Podfile.lock\" \"${PODS_ROOT}/Manifest.lock\" > /dev/null\nif [ $? != 0 ] ; then\n    # print error to STDERR\n    echo \"error: The sandbox is not in sync with the Podfile.lock. Run 'pod install' or update your CocoaPods installation.\" >&2\n    exit 1\nfi\n";
			showEnvVarsInLog = 0;
		};
/* End PBXShellScriptBuildPhase section */

/* Begin PBXSourcesBuildPhase section */
		64BF2F231F32B60A00282718 /* Sources */ = {
			isa = PBXSourcesBuildPhase;
			buildActionMask = 2147483647;
			files = (
				64BF2F5C1F32BAEA00282718 /* ViewControllerExtensions.swift in Sources */,
				64BF2F331F32B60A00282718 /* SearchPractice.xcdatamodeld in Sources */,
				64BF2F2D1F32B60A00282718 /* ViewController.swift in Sources */,
				64BF2F601F32CDD300282718 /* WKWebViewController.swift in Sources */,
				64BF2F5E1F32BEB800282718 /* WebViewController.swift in Sources */,
				64BF2F2B1F32B60A00282718 /* AppDelegate.swift in Sources */,
			);
			runOnlyForDeploymentPostprocessing = 0;
		};
		64BF2F3A1F32B60A00282718 /* Sources */ = {
			isa = PBXSourcesBuildPhase;
			buildActionMask = 2147483647;
			files = (
				64BF2F431F32B60A00282718 /* SearchPracticeTests.swift in Sources */,
			);
			runOnlyForDeploymentPostprocessing = 0;
		};
		64BF2F451F32B60A00282718 /* Sources */ = {
			isa = PBXSourcesBuildPhase;
			buildActionMask = 2147483647;
			files = (
				64BF2F4E1F32B60A00282718 /* SearchPracticeUITests.swift in Sources */,
			);
			runOnlyForDeploymentPostprocessing = 0;
		};
/* End PBXSourcesBuildPhase section */

/* Begin PBXTargetDependency section */
		64BF2F401F32B60A00282718 /* PBXTargetDependency */ = {
			isa = PBXTargetDependency;
			target = 64BF2F261F32B60A00282718 /* SearchPractice */;
			targetProxy = 64BF2F3F1F32B60A00282718 /* PBXContainerItemProxy */;
		};
		64BF2F4B1F32B60A00282718 /* PBXTargetDependency */ = {
			isa = PBXTargetDependency;
			target = 64BF2F261F32B60A00282718 /* SearchPractice */;
			targetProxy = 64BF2F4A1F32B60A00282718 /* PBXContainerItemProxy */;
		};
/* End PBXTargetDependency section */

/* Begin PBXVariantGroup section */
		64BF2F361F32B60A00282718 /* LaunchScreen.storyboard */ = {
			isa = PBXVariantGroup;
			children = (
				64BF2F371F32B60A00282718 /* Base */,
			);
			name = LaunchScreen.storyboard;
			sourceTree = "<group>";
		};
/* End PBXVariantGroup section */

/* Begin XCBuildConfiguration section */
		64BF2F501F32B60A00282718 /* Debug */ = {
			isa = XCBuildConfiguration;
			buildSettings = {
				ALWAYS_SEARCH_USER_PATHS = NO;
				CLANG_ANALYZER_NONNULL = YES;
				CLANG_ANALYZER_NUMBER_OBJECT_CONVERSION = YES_AGGRESSIVE;
				CLANG_CXX_LANGUAGE_STANDARD = "gnu++0x";
				CLANG_CXX_LIBRARY = "libc++";
				CLANG_ENABLE_MODULES = YES;
				CLANG_ENABLE_OBJC_ARC = YES;
				CLANG_WARN_BOOL_CONVERSION = YES;
				CLANG_WARN_CONSTANT_CONVERSION = YES;
				CLANG_WARN_DIRECT_OBJC_ISA_USAGE = YES_ERROR;
				CLANG_WARN_DOCUMENTATION_COMMENTS = YES;
				CLANG_WARN_EMPTY_BODY = YES;
				CLANG_WARN_ENUM_CONVERSION = YES;
				CLANG_WARN_INFINITE_RECURSION = YES;
				CLANG_WARN_INT_CONVERSION = YES;
				CLANG_WARN_OBJC_ROOT_CLASS = YES_ERROR;
				CLANG_WARN_SUSPICIOUS_MOVE = YES;
				CLANG_WARN_UNREACHABLE_CODE = YES;
				CLANG_WARN__DUPLICATE_METHOD_MATCH = YES;
				"CODE_SIGN_IDENTITY[sdk=iphoneos*]" = "iPhone Developer";
				COPY_PHASE_STRIP = NO;
				DEBUG_INFORMATION_FORMAT = dwarf;
				ENABLE_STRICT_OBJC_MSGSEND = YES;
				ENABLE_TESTABILITY = YES;
				GCC_C_LANGUAGE_STANDARD = gnu99;
				GCC_DYNAMIC_NO_PIC = NO;
				GCC_NO_COMMON_BLOCKS = YES;
				GCC_OPTIMIZATION_LEVEL = 0;
				GCC_PREPROCESSOR_DEFINITIONS = (
					"DEBUG=1",
					"$(inherited)",
				);
				GCC_WARN_64_TO_32_BIT_CONVERSION = YES;
				GCC_WARN_ABOUT_RETURN_TYPE = YES_ERROR;
				GCC_WARN_UNDECLARED_SELECTOR = YES;
				GCC_WARN_UNINITIALIZED_AUTOS = YES_AGGRESSIVE;
				GCC_WARN_UNUSED_FUNCTION = YES;
				GCC_WARN_UNUSED_VARIABLE = YES;
				IPHONEOS_DEPLOYMENT_TARGET = 10.3;
				MTL_ENABLE_DEBUG_INFO = YES;
				ONLY_ACTIVE_ARCH = YES;
				SDKROOT = iphoneos;
				SWIFT_ACTIVE_COMPILATION_CONDITIONS = DEBUG;
				SWIFT_OPTIMIZATION_LEVEL = "-Onone";
			};
			name = Debug;
		};
		64BF2F511F32B60A00282718 /* Release */ = {
			isa = XCBuildConfiguration;
			buildSettings = {
				ALWAYS_SEARCH_USER_PATHS = NO;
				CLANG_ANALYZER_NONNULL = YES;
				CLANG_ANALYZER_NUMBER_OBJECT_CONVERSION = YES_AGGRESSIVE;
				CLANG_CXX_LANGUAGE_STANDARD = "gnu++0x";
				CLANG_CXX_LIBRARY = "libc++";
				CLANG_ENABLE_MODULES = YES;
				CLANG_ENABLE_OBJC_ARC = YES;
				CLANG_WARN_BOOL_CONVERSION = YES;
				CLANG_WARN_CONSTANT_CONVERSION = YES;
				CLANG_WARN_DIRECT_OBJC_ISA_USAGE = YES_ERROR;
				CLANG_WARN_DOCUMENTATION_COMMENTS = YES;
				CLANG_WARN_EMPTY_BODY = YES;
				CLANG_WARN_ENUM_CONVERSION = YES;
				CLANG_WARN_INFINITE_RECURSION = YES;
				CLANG_WARN_INT_CONVERSION = YES;
				CLANG_WARN_OBJC_ROOT_CLASS = YES_ERROR;
				CLANG_WARN_SUSPICIOUS_MOVE = YES;
				CLANG_WARN_UNREACHABLE_CODE = YES;
				CLANG_WARN__DUPLICATE_METHOD_MATCH = YES;
				"CODE_SIGN_IDENTITY[sdk=iphoneos*]" = "iPhone Developer";
				COPY_PHASE_STRIP = NO;
				DEBUG_INFORMATION_FORMAT = "dwarf-with-dsym";
				ENABLE_NS_ASSERTIONS = NO;
				ENABLE_STRICT_OBJC_MSGSEND = YES;
				GCC_C_LANGUAGE_STANDARD = gnu99;
				GCC_NO_COMMON_BLOCKS = YES;
				GCC_WARN_64_TO_32_BIT_CONVERSION = YES;
				GCC_WARN_ABOUT_RETURN_TYPE = YES_ERROR;
				GCC_WARN_UNDECLARED_SELECTOR = YES;
				GCC_WARN_UNINITIALIZED_AUTOS = YES_AGGRESSIVE;
				GCC_WARN_UNUSED_FUNCTION = YES;
				GCC_WARN_UNUSED_VARIABLE = YES;
				IPHONEOS_DEPLOYMENT_TARGET = 10.3;
				MTL_ENABLE_DEBUG_INFO = NO;
				SDKROOT = iphoneos;
				SWIFT_OPTIMIZATION_LEVEL = "-Owholemodule";
				VALIDATE_PRODUCT = YES;
			};
			name = Release;
		};
		64BF2F531F32B60A00282718 /* Debug */ = {
			isa = XCBuildConfiguration;
			baseConfigurationReference = 09920E15CE6FB176977BE715 /* Pods-SearchPractice.debug.xcconfig */;
			buildSettings = {
				ASSETCATALOG_COMPILER_APPICON_NAME = AppIcon;
				INFOPLIST_FILE = SearchPractice/Info.plist;
				LD_RUNPATH_SEARCH_PATHS = "$(inherited) @executable_path/Frameworks";
				PRODUCT_BUNDLE_IDENTIFIER = CdxN.SearchPractice;
				PRODUCT_NAME = "$(TARGET_NAME)";
				SWIFT_VERSION = 3.0;
			};
			name = Debug;
		};
		64BF2F541F32B60A00282718 /* Release */ = {
			isa = XCBuildConfiguration;
			baseConfigurationReference = B4F6348E314F435CE886E471 /* Pods-SearchPractice.release.xcconfig */;
			buildSettings = {
				ASSETCATALOG_COMPILER_APPICON_NAME = AppIcon;
				INFOPLIST_FILE = SearchPractice/Info.plist;
				LD_RUNPATH_SEARCH_PATHS = "$(inherited) @executable_path/Frameworks";
				PRODUCT_BUNDLE_IDENTIFIER = CdxN.SearchPractice;
				PRODUCT_NAME = "$(TARGET_NAME)";
				SWIFT_VERSION = 3.0;
			};
			name = Release;
		};
		64BF2F561F32B60A00282718 /* Debug */ = {
			isa = XCBuildConfiguration;
			baseConfigurationReference = A3F5EEBC9BC149A3A49CE258 /* Pods-SearchPracticeTests.debug.xcconfig */;
			buildSettings = {
				ALWAYS_EMBED_SWIFT_STANDARD_LIBRARIES = YES;
				BUNDLE_LOADER = "$(TEST_HOST)";
				INFOPLIST_FILE = SearchPracticeTests/Info.plist;
				LD_RUNPATH_SEARCH_PATHS = "$(inherited) @executable_path/Frameworks @loader_path/Frameworks";
				PRODUCT_BUNDLE_IDENTIFIER = CdxN.SearchPracticeTests;
				PRODUCT_NAME = "$(TARGET_NAME)";
				SWIFT_VERSION = 3.0;
				TEST_HOST = "$(BUILT_PRODUCTS_DIR)/SearchPractice.app/SearchPractice";
			};
			name = Debug;
		};
		64BF2F571F32B60A00282718 /* Release */ = {
			isa = XCBuildConfiguration;
			baseConfigurationReference = 90A24362F1A8B2597E9CEAC8 /* Pods-SearchPracticeTests.release.xcconfig */;
			buildSettings = {
				ALWAYS_EMBED_SWIFT_STANDARD_LIBRARIES = YES;
				BUNDLE_LOADER = "$(TEST_HOST)";
				INFOPLIST_FILE = SearchPracticeTests/Info.plist;
				LD_RUNPATH_SEARCH_PATHS = "$(inherited) @executable_path/Frameworks @loader_path/Frameworks";
				PRODUCT_BUNDLE_IDENTIFIER = CdxN.SearchPracticeTests;
				PRODUCT_NAME = "$(TARGET_NAME)";
				SWIFT_VERSION = 3.0;
				TEST_HOST = "$(BUILT_PRODUCTS_DIR)/SearchPractice.app/SearchPractice";
			};
			name = Release;
		};
		64BF2F591F32B60A00282718 /* Debug */ = {
			isa = XCBuildConfiguration;
			baseConfigurationReference = 5A159AC6B4BD14BE617C2C46 /* Pods-SearchPracticeUITests.debug.xcconfig */;
			buildSettings = {
				ALWAYS_EMBED_SWIFT_STANDARD_LIBRARIES = YES;
				INFOPLIST_FILE = SearchPracticeUITests/Info.plist;
				LD_RUNPATH_SEARCH_PATHS = "$(inherited) @executable_path/Frameworks @loader_path/Frameworks";
				PRODUCT_BUNDLE_IDENTIFIER = CdxN.SearchPracticeUITests;
				PRODUCT_NAME = "$(TARGET_NAME)";
				SWIFT_VERSION = 3.0;
				TEST_TARGET_NAME = SearchPractice;
			};
			name = Debug;
		};
		64BF2F5A1F32B60A00282718 /* Release */ = {
			isa = XCBuildConfiguration;
			baseConfigurationReference = D65676E44975A5A8E3001094 /* Pods-SearchPracticeUITests.release.xcconfig */;
			buildSettings = {
				ALWAYS_EMBED_SWIFT_STANDARD_LIBRARIES = YES;
				INFOPLIST_FILE = SearchPracticeUITests/Info.plist;
				LD_RUNPATH_SEARCH_PATHS = "$(inherited) @executable_path/Frameworks @loader_path/Frameworks";
				PRODUCT_BUNDLE_IDENTIFIER = CdxN.SearchPracticeUITests;
				PRODUCT_NAME = "$(TARGET_NAME)";
				SWIFT_VERSION = 3.0;
				TEST_TARGET_NAME = SearchPractice;
			};
			name = Release;
		};
/* End XCBuildConfiguration section */

/* Begin XCConfigurationList section */
		64BF2F221F32B60A00282718 /* Build configuration list for PBXProject "SearchPractice" */ = {
			isa = XCConfigurationList;
			buildConfigurations = (
				64BF2F501F32B60A00282718 /* Debug */,
				64BF2F511F32B60A00282718 /* Release */,
			);
			defaultConfigurationIsVisible = 0;
			defaultConfigurationName = Release;
		};
		64BF2F521F32B60A00282718 /* Build configuration list for PBXNativeTarget "SearchPractice" */ = {
			isa = XCConfigurationList;
			buildConfigurations = (
				64BF2F531F32B60A00282718 /* Debug */,
				64BF2F541F32B60A00282718 /* Release */,
			);
			defaultConfigurationIsVisible = 0;
			defaultConfigurationName = Release;
		};
		64BF2F551F32B60A00282718 /* Build configuration list for PBXNativeTarget "SearchPracticeTests" */ = {
			isa = XCConfigurationList;
			buildConfigurations = (
				64BF2F561F32B60A00282718 /* Debug */,
				64BF2F571F32B60A00282718 /* Release */,
			);
			defaultConfigurationIsVisible = 0;
			defaultConfigurationName = Release;
		};
		64BF2F581F32B60A00282718 /* Build configuration list for PBXNativeTarget "SearchPracticeUITests" */ = {
			isa = XCConfigurationList;
			buildConfigurations = (
				64BF2F591F32B60A00282718 /* Debug */,
				64BF2F5A1F32B60A00282718 /* Release */,
			);
			defaultConfigurationIsVisible = 0;
			defaultConfigurationName = Release;
		};
/* End XCConfigurationList section */

/* Begin XCVersionGroup section */
		64BF2F311F32B60A00282718 /* SearchPractice.xcdatamodeld */ = {
			isa = XCVersionGroup;
			children = (
				64BF2F321F32B60A00282718 /* SearchPractice.xcdatamodel */,
			);
			currentVersion = 64BF2F321F32B60A00282718 /* SearchPractice.xcdatamodel */;
			path = SearchPractice.xcdatamodeld;
			sourceTree = "<group>";
			versionGroupType = wrapper.xcdatamodel;
		};
/* End XCVersionGroup section */
	};
	rootObject = 64BF2F1F1F32B60A00282718 /* Project object */;
}
